
Microsoft Visual Studio Solution File, Format Version 12.00
# Visual Studio 15
VisualStudioVersion = 15.0.27130.2010
MinimumVisualStudioVersion = 10.0.40219.1
Project("{FAE04EC0-301F-11D3-BF4B-00C04F79EFBC}") = "Chapter14", "Chapter14\Chapter14.csproj", "{A9B84A97-A90D-4715-9787-523A409274DA}"
EndProject
Project("{FAE04EC0-301F-11D3-BF4B-00C04F79EFBC}") = "ConsoleApp1", "ConsoleApp1\ConsoleApp1.csproj", "{AF02D2FB-E6D5-4364-BADF-7F88C5317148}"
EndProject
Project("{FAE04EC0-301F-11D3-BF4B-00C04F79EFBC}") = "ConsoleApp2", "ConsoleApp2\ConsoleApp2.csproj", "{00E707CA-636B-4996-B5A1-10F2EB58D51C}"
EndProject
Project("{FAE04EC0-301F-11D3-BF4B-00C04F79EFBC}") = "TPL", "TPL\TPL.csproj", "{7FFB2056-F463-4F13-BE3F-7C0F33C9749D}"
EndProject
Project("{FAE04EC0-301F-11D3-BF4B-00C04F79EFBC}") = "ThreadPooling", "ThreadPooling\ThreadPooling.csproj", "{1A2A8733-632C-4070-8685-9BF8A06869B2}"
EndProject
Project("{FAE04EC0-301F-11D3-BF4B-00C04F79EFBC}") = "Signaling", "Signaling\Signaling.csproj", "{C25ADB0B-1DB4-4ECC-A991-B2C3D9DF5A0F}"
EndProject
Project("{FAE04EC0-301F-11D3-BF4B-00C04F79EFBC}") = "Locking", "Locking\Locking.csproj", "{BCF88A45-CBA9-4D35-9755-FC5B7709C8E3}"
EndProject
Project("{FAE04EC0-301F-11D3-BF4B-00C04F79EFBC}") = "Asynchronous", "Asynchronous\Asynchronous.csproj", "{4E2975DC-DA53-4B34-9FE8-B3446790E083}"
EndProject
Global
	GlobalSection(SolutionConfigurationPlatforms) = preSolution
		Debug|Any CPU = Debug|Any CPU
		Release|Any CPU = Release|Any CPU
	EndGlobalSection
	GlobalSection(ProjectConfigurationPlatforms) = postSolution
		{A9B84A97-A90D-4715-9787-523A409274DA}.Debug|Any CPU.ActiveCfg = Debug|Any CPU
		{A9B84A97-A90D-4715-9787-523A409274DA}.Debug|Any CPU.Build.0 = Debug|Any CPU
		{A9B84A97-A90D-4715-9787-523A409274DA}.Release|Any CPU.ActiveCfg = Release|Any CPU
		{A9B84A97-A90D-4715-9787-523A409274DA}.Release|Any CPU.Build.0 = Release|Any CPU
		{AF02D2FB-E6D5-4364-BADF-7F88C5317148}.Debug|Any CPU.ActiveCfg = Debug|Any CPU
		{AF02D2FB-E6D5-4364-BADF-7F88C5317148}.Debug|Any CPU.Build.0 = Debug|Any CPU
		{AF02D2FB-E6D5-4364-BADF-7F88C5317148}.Release|Any CPU.ActiveCfg = Release|Any CPU
		{AF02D2FB-E6D5-4364-BADF-7F88C5317148}.Release|Any CPU.Build.0 = Release|Any CPU
		{00E707CA-636B-4996-B5A1-10F2EB58D51C}.Debug|Any CPU.ActiveCfg = Debug|Any CPU
		{00E707CA-636B-4996-B5A1-10F2EB58D51C}.Debug|Any CPU.Build.0 = Debug|Any CPU
		{00E707CA-636B-4996-B5A1-10F2EB58D51C}.Release|Any CPU.ActiveCfg = Release|Any CPU
		{00E707CA-636B-4996-B5A1-10F2EB58D51C}.Release|Any CPU.Build.0 = Release|Any CPU
		{7FFB2056-F463-4F13-BE3F-7C0F33C9749D}.Debug|Any CPU.ActiveCfg = Debug|Any CPU
		{7FFB2056-F463-4F13-BE3F-7C0F33C9749D}.Debug|Any CPU.Build.0 = Debug|Any CPU
		{7FFB2056-F463-4F13-BE3F-7C0F33C9749D}.Release|Any CPU.ActiveCfg = Release|Any CPU
		{7FFB2056-F463-4F13-BE3F-7C0F33C9749D}.Release|Any CPU.Build.0 = Release|Any CPU
		{1A2A8733-632C-4070-8685-9BF8A06869B2}.Debug|Any CPU.ActiveCfg = Debug|Any CPU
		{1A2A8733-632C-4070-8685-9BF8A06869B2}.Debug|Any CPU.Build.0 = Debug|Any CPU
		{1A2A8733-632C-4070-8685-9BF8A06869B2}.Release|Any CPU.ActiveCfg = Release|Any CPU
		{1A2A8733-632C-4070-8685-9BF8A06869B2}.Release|Any CPU.Build.0 = Release|Any CPU
		{C25ADB0B-1DB4-4ECC-A991-B2C3D9DF5A0F}.Debug|Any CPU.ActiveCfg = Debug|Any CPU
		{C25ADB0B-1DB4-4ECC-A991-B2C3D9DF5A0F}.Debug|Any CPU.Build.0 = Debug|Any CPU
		{C25ADB0B-1DB4-4ECC-A991-B2C3D9DF5A0F}.Release|Any CPU.ActiveCfg = Release|Any CPU
		{C25ADB0B-1DB4-4ECC-A991-B2C3D9DF5A0F}.Release|Any CPU.Build.0 = Release|Any CPU
		{BCF88A45-CBA9-4D35-9755-FC5B7709C8E3}.Debug|Any CPU.ActiveCfg = Debug|Any CPU
		{BCF88A45-CBA9-4D35-9755-FC5B7709C8E3}.Debug|Any CPU.Build.0 = Debug|Any CPU
		{BCF88A45-CBA9-4D35-9755-FC5B7709C8E3}.Release|Any CPU.ActiveCfg = Release|Any CPU
		{BCF88A45-CBA9-4D35-9755-FC5B7709C8E3}.Release|Any CPU.Build.0 = Release|Any CPU
		{4E2975DC-DA53-4B34-9FE8-B3446790E083}.Debug|Any CPU.ActiveCfg = Debug|Any CPU
		{4E2975DC-DA53-4B34-9FE8-B3446790E083}.Debug|Any CPU.Build.0 = Debug|Any CPU
		{4E2975DC-DA53-4B34-9FE8-B3446790E083}.Release|Any CPU.ActiveCfg = Release|Any CPU
		{4E2975DC-DA53-4B34-9FE8-B3446790E083}.Release|Any CPU.Build.0 = Release|Any CPU
	EndGlobalSection
	GlobalSection(SolutionProperties) = preSolution
		HideSolutionNode = FALSE
	EndGlobalSection
	GlobalSection(ExtensibilityGlobals) = postSolution
		SolutionGuid = {4719B4BA-E0F0-453E-A503-75AFDBF88EC4}
	EndGlobalSection
EndGlobal
